
Microsoft Visual Studio Solution File, Format Version 12.00
# Visual Studio Version 17
VisualStudioVersion = 17.9.34728.123
MinimumVisualStudioVersion = 10.0.40219.1
Project("{FAE04EC0-301F-11D3-BF4B-00C04F79EFBC}") = "DapperDemo", "DapperDemo\DapperDemo.csproj", "{B82D69A8-1281-46A0-86FF-753AEE4627F3}"
EndProject
Global
	GlobalSection(SolutionConfigurationPlatforms) = preSolution
		Debug|Any CPU = Debug|Any CPU
		Release|Any CPU = Release|Any CPU
	EndGlobalSection
	GlobalSection(ProjectConfigurationPlatforms) = postSolution
		{B82D69A8-1281-46A0-86FF-753AEE4627F3}.Debug|Any CPU.ActiveCfg = Debug|Any CPU
		{B82D69A8-1281-46A0-86FF-753AEE4627F3}.Debug|Any CPU.Build.0 = Debug|Any CPU
		{B82D69A8-1281-46A0-86FF-753AEE4627F3}.Release|Any CPU.ActiveCfg = Release|Any CPU
		{B82D69A8-1281-46A0-86FF-753AEE4627F3}.Release|Any CPU.Build.0 = Release|Any CPU
	EndGlobalSection
	GlobalSection(SolutionProperties) = preSolution
		HideSolutionNode = FALSE
	EndGlobalSection
	GlobalSection(ExtensibilityGlobals) = postSolution
		SolutionGuid = {512804E0-FDCA-45A7-BDBE-D0AB4ABAB0C4}
	EndGlobalSection
EndGlobal
